# THIS IS AN AUTOGENERATED FILE. DO NOT EDIT THIS FILE DIRECTLY.
# yarn lockfile v1


html5-qrcode@^2.3.8:
  version "2.3.8"
  resolved "https://registry.yarnpkg.com/html5-qrcode/-/html5-qrcode-2.3.8.tgz#0b0cdf7a9926cfd4be530e13a51db47592adfa0d"
  integrity sha512-jsr4vafJhwoLVEDW3n1KvPnCCXWaQfRng0/EEYk1vNcQGcG/htAdhJX0be8YyqMoSz7+hZvOZSTAepsabiuhiQ==
